
Microsoft Visual Studio Solution File, Format Version 12.00
# Visual Studio 2015
Project("{FAE04EC0-301F-11D3-BF4B-00C04F79EFBC}") = "Medienprojekt2016_29_04.CSharp", "Medienprojekt2016_29_04.CSharp.csproj", "{4EB52F8E-AA54-7867-950D-5FE00C93D504}"
EndProject
Project("{FAE04EC0-301F-11D3-BF4B-00C04F79EFBC}") = "Medienprojekt2016_29_04.CSharp.Editor", "Medienprojekt2016_29_04.CSharp.Editor.csproj", "{D0C63D4C-2D05-57E7-30F2-1AD182258E66}"
EndProject
Global
	GlobalSection(SolutionConfigurationPlatforms) = preSolution
		Debug|Any CPU = Debug|Any CPU
		Release|Any CPU = Release|Any CPU
	EndGlobalSection
	GlobalSection(ProjectConfigurationPlatforms) = postSolution
		{4EB52F8E-AA54-7867-950D-5FE00C93D504}.Debug|Any CPU.ActiveCfg = Debug|Any CPU
		{4EB52F8E-AA54-7867-950D-5FE00C93D504}.Debug|Any CPU.Build.0 = Debug|Any CPU
		{4EB52F8E-AA54-7867-950D-5FE00C93D504}.Release|Any CPU.ActiveCfg = Release|Any CPU
		{4EB52F8E-AA54-7867-950D-5FE00C93D504}.Release|Any CPU.Build.0 = Release|Any CPU
		{D0C63D4C-2D05-57E7-30F2-1AD182258E66}.Debug|Any CPU.ActiveCfg = Debug|Any CPU
		{D0C63D4C-2D05-57E7-30F2-1AD182258E66}.Debug|Any CPU.Build.0 = Debug|Any CPU
		{D0C63D4C-2D05-57E7-30F2-1AD182258E66}.Release|Any CPU.ActiveCfg = Release|Any CPU
		{D0C63D4C-2D05-57E7-30F2-1AD182258E66}.Release|Any CPU.Build.0 = Release|Any CPU
	EndGlobalSection
	GlobalSection(SolutionProperties) = preSolution
		HideSolutionNode = FALSE
	EndGlobalSection
EndGlobal
