
Microsoft Visual Studio Solution File, Format Version 12.00
# Visual Studio 2015
Project("{FAE04EC0-301F-11D3-BF4B-00C04F79EFBC}") = "Medienprojekt_30_04.CSharp", "Medienprojekt_30_04.CSharp.csproj", "{070643F3-F7F4-8C75-36C1-7D694B390EC9}"
EndProject
Project("{FAE04EC0-301F-11D3-BF4B-00C04F79EFBC}") = "Medienprojekt_30_04.CSharp.Editor", "Medienprojekt_30_04.CSharp.Editor.csproj", "{C3591548-405B-76C5-53CD-6497CA6B0563}"
EndProject
Global
	GlobalSection(SolutionConfigurationPlatforms) = preSolution
		Debug|Any CPU = Debug|Any CPU
		Release|Any CPU = Release|Any CPU
	EndGlobalSection
	GlobalSection(ProjectConfigurationPlatforms) = postSolution
		{070643F3-F7F4-8C75-36C1-7D694B390EC9}.Debug|Any CPU.ActiveCfg = Debug|Any CPU
		{070643F3-F7F4-8C75-36C1-7D694B390EC9}.Debug|Any CPU.Build.0 = Debug|Any CPU
		{070643F3-F7F4-8C75-36C1-7D694B390EC9}.Release|Any CPU.ActiveCfg = Release|Any CPU
		{070643F3-F7F4-8C75-36C1-7D694B390EC9}.Release|Any CPU.Build.0 = Release|Any CPU
		{C3591548-405B-76C5-53CD-6497CA6B0563}.Debug|Any CPU.ActiveCfg = Debug|Any CPU
		{C3591548-405B-76C5-53CD-6497CA6B0563}.Debug|Any CPU.Build.0 = Debug|Any CPU
		{C3591548-405B-76C5-53CD-6497CA6B0563}.Release|Any CPU.ActiveCfg = Release|Any CPU
		{C3591548-405B-76C5-53CD-6497CA6B0563}.Release|Any CPU.Build.0 = Release|Any CPU
	EndGlobalSection
	GlobalSection(SolutionProperties) = preSolution
		HideSolutionNode = FALSE
	EndGlobalSection
EndGlobal
